schema: '2.0'
stages:
  test:
    cmd: python src/models/model_test.py
    deps:
    - path: src/models/model.py
      md5: 3b6107a6183dbbfd013afd065847cf39
      size: 9248
    - path: src/models/model_test.py
      md5: df19eda6d6d879269d8fa84013631524
      size: 1393
    params:
      params.yaml:
        model_params.dist_type: seq
        model_params.model: sentence-transformers/distiluse-base-multilingual-cased-v2
        model_params.nit: 100
        model_params.reg1: 0.2
        model_params.reg2: 0.2
        model_params.tokenizer: sentence-transformers/distiluse-base-multilingual-cased-v2
    outs:
    - path: results/sts/scores.json
      md5: c094f496ff23ecfa11602916fa93a3fd
      size: 80351
    - path: results/wmt18/scores.cs-en.json
      md5: 37e900c8097a7b2c9a26dab6de04472c
      size: 756865
    - path: results/wmt18/scores.de-en.json
      md5: 179703d7e71f92cf68f39289858e29be
      size: 2514083
    - path: results/wmt18/scores.en-cs.json
      md5: 45ec23a4f35906f9e7478a3bb5c65b34
      size: 696905
    - path: results/wmt18/scores.en-de.json
      md5: dd1d52f9b71c9f9d7f03cacf587d9811
      size: 1048882
    - path: results/wmt18/scores.en-et.json
      md5: 03655cebf16a70007140aa2031bc2038
      size: 1248811
    - path: results/wmt18/scores.en-fi.json
      md5: 50abb6181334643f72c574292f7dd7e1
      size: 773847
    - path: results/wmt18/scores.en-ru.json
      md5: df85cdcd979fffcb98e50eff0cd287d4
      size: 1553868
    - path: results/wmt18/scores.en-tr.json
      md5: 2095e4bc4275cd884d1dd3a52c30f63f
      size: 304189
    - path: results/wmt18/scores.en-zh.json
      md5: 7cfdafa5c4e37e3dcaf76c5727308bb9
      size: 1945970
    - path: results/wmt18/scores.et-en.json
      md5: 8d1e8f7b59fb4d072221c9c2079b1b42
      size: 1761874
    - path: results/wmt18/scores.fi-en.json
      md5: 18a1ecddf8fc4beaada3436d20102cf9
      size: 1250586
    - path: results/wmt18/scores.ru-en.json
      md5: 7136a6bd78c8a1e02c497f7e78a83528
      size: 1100158
    - path: results/wmt18/scores.tr-en.json
      md5: 91ceea9bca3cefc065cd38bf9888f6f2
      size: 1066018
    - path: results/wmt18/scores.zh-en.json
      md5: bf185397901df273e0c2ad6f031a2d07
      size: 2054607
  evaluate:
    cmd: python src/models/model_eval.py
    deps:
    - path: results/sts/scores.json
      md5: c094f496ff23ecfa11602916fa93a3fd
      size: 80351
    - path: results/wmt18/scores.cs-en.json
      md5: 37e900c8097a7b2c9a26dab6de04472c
      size: 756865
    - path: results/wmt18/scores.de-en.json
      md5: 179703d7e71f92cf68f39289858e29be
      size: 2514083
    - path: results/wmt18/scores.en-cs.json
      md5: 45ec23a4f35906f9e7478a3bb5c65b34
      size: 696905
    - path: results/wmt18/scores.en-de.json
      md5: dd1d52f9b71c9f9d7f03cacf587d9811
      size: 1048882
    - path: results/wmt18/scores.en-et.json
      md5: 03655cebf16a70007140aa2031bc2038
      size: 1248811
    - path: results/wmt18/scores.en-fi.json
      md5: 50abb6181334643f72c574292f7dd7e1
      size: 773847
    - path: results/wmt18/scores.en-ru.json
      md5: df85cdcd979fffcb98e50eff0cd287d4
      size: 1553868
    - path: results/wmt18/scores.en-tr.json
      md5: 2095e4bc4275cd884d1dd3a52c30f63f
      size: 304189
    - path: results/wmt18/scores.en-zh.json
      md5: 7cfdafa5c4e37e3dcaf76c5727308bb9
      size: 1945970
    - path: results/wmt18/scores.et-en.json
      md5: 8d1e8f7b59fb4d072221c9c2079b1b42
      size: 1761874
    - path: results/wmt18/scores.fi-en.json
      md5: 18a1ecddf8fc4beaada3436d20102cf9
      size: 1250586
    - path: results/wmt18/scores.ru-en.json
      md5: 7136a6bd78c8a1e02c497f7e78a83528
      size: 1100158
    - path: results/wmt18/scores.tr-en.json
      md5: 91ceea9bca3cefc065cd38bf9888f6f2
      size: 1066018
    - path: results/wmt18/scores.zh-en.json
      md5: bf185397901df273e0c2ad6f031a2d07
      size: 2054607
    - path: src/models/model_eval.py
      md5: 3f838fd1841b762db591ac0e338016a8
      size: 1997
    outs:
    - path: results/eval.sts.json
      md5: 755d117cf0046da65a651210ce1be9fd
      size: 102
    - path: results/eval.wmt18.cs-en.json
      md5: ce8e9d51df10af274c3f1ce85e1d21e3
      size: 103
    - path: results/eval.wmt18.de-en.json
      md5: ab9fb2ace96532d835fe859c3286531e
      size: 103
    - path: results/eval.wmt18.en-cs.json
      md5: fe36290cd353a512711a4949ebcb58c6
      size: 105
    - path: results/eval.wmt18.en-de.json
      md5: 09c135232624abfe5972fc68f4860527
      size: 103
    - path: results/eval.wmt18.en-et.json
      md5: e2579cf15fdfaa576b2399ccc28daf5f
      size: 103
    - path: results/eval.wmt18.en-fi.json
      md5: af105598f059406b2e161be0971513d0
      size: 104
    - path: results/eval.wmt18.en-ru.json
      md5: 28cbc6386f841b74e3a70f6e0b68c3f7
      size: 103
    - path: results/eval.wmt18.en-tr.json
      md5: a21ff41888201459c1eaa2f2ccd77c80
      size: 105
    - path: results/eval.wmt18.en-zh.json
      md5: 9976d70b1493aee27a1c4445ab2e7525
      size: 104
    - path: results/eval.wmt18.et-en.json
      md5: 82546a36ced63811c919123d38ff25e8
      size: 104
    - path: results/eval.wmt18.fi-en.json
      md5: 577c057919982a20dc2086c90ae06b1e
      size: 103
    - path: results/eval.wmt18.ru-en.json
      md5: dda053214abf54c9343cbf41b6f2ea20
      size: 103
    - path: results/eval.wmt18.tr-en.json
      md5: 5b29efe2c2d6e2e57ef224a7a0c03f95
      size: 103
    - path: results/eval.wmt18.zh-en.json
      md5: d1367dc51c1101898b593f52f4faed42
      size: 104
