schema: '2.0'
stages:
  test:
    cmd: python src/models/model_test.py
    deps:
    - path: src/models/model.py
      md5: 3b6107a6183dbbfd013afd065847cf39
      size: 9248
    - path: src/models/model_test.py
      md5: df19eda6d6d879269d8fa84013631524
      size: 1393
    params:
      params.yaml:
        model_params.dist_type: mean
        model_params.model: sentence-transformers/paraphrase-multilingual-MiniLM-L12-v2
        model_params.nit: None
        model_params.reg1: None
        model_params.reg2: None
        model_params.tokenizer: sentence-transformers/paraphrase-multilingual-MiniLM-L12-v2
    outs:
    - path: results/sts/scores.json
      md5: 2ae1e079d27ad050711af0b795e2307c
      size: 80789
    - path: results/wmt18/scores.cs-en.json
      md5: 8750359dd8f5242d24f43bbde689c366
      size: 761261
    - path: results/wmt18/scores.de-en.json
      md5: b82313c0a29658a0396568eb16f1ec88
      size: 2527979
    - path: results/wmt18/scores.en-cs.json
      md5: 24da61b574af6cc76e8adc2e9f653575
      size: 702038
    - path: results/wmt18/scores.en-de.json
      md5: 5520698898713719f7d490dddcc2c4e8
      size: 1055594
    - path: results/wmt18/scores.en-et.json
      md5: d7c12f5909c3c628491c6caf44a2ab84
      size: 1258647
    - path: results/wmt18/scores.en-fi.json
      md5: e7edf29c550c3413c326908105a47f66
      size: 779781
    - path: results/wmt18/scores.en-ru.json
      md5: a1bed293b1d72de25643e9013639e202
      size: 1565175
    - path: results/wmt18/scores.en-tr.json
      md5: b2104105f34144d3b4e06d23ab92fbfe
      size: 306255
    - path: results/wmt18/scores.en-zh.json
      md5: c91c4d70d6726a76b82133aa1a0cab6b
      size: 1961669
    - path: results/wmt18/scores.et-en.json
      md5: a0e068200b716e89cb50fe5684ab5b77
      size: 1772009
    - path: results/wmt18/scores.fi-en.json
      md5: 4e294f1b69e5baed1ba174e366b6c369
      size: 1258176
    - path: results/wmt18/scores.ru-en.json
      md5: 0808f5a22a10ac728cd8d973d52473ff
      size: 1107027
    - path: results/wmt18/scores.tr-en.json
      md5: 06797699b3345026b0ddd0774db27f7e
      size: 1072864
    - path: results/wmt18/scores.zh-en.json
      md5: 21ef570589daa3b6fe0db1e0eb7a4925
      size: 2069148
  evaluate:
    cmd: python src/models/model_eval.py
    deps:
    - path: results/sts/scores.json
      md5: 2ae1e079d27ad050711af0b795e2307c
      size: 80789
    - path: results/wmt18/scores.cs-en.json
      md5: 8750359dd8f5242d24f43bbde689c366
      size: 761261
    - path: results/wmt18/scores.de-en.json
      md5: b82313c0a29658a0396568eb16f1ec88
      size: 2527979
    - path: results/wmt18/scores.en-cs.json
      md5: 24da61b574af6cc76e8adc2e9f653575
      size: 702038
    - path: results/wmt18/scores.en-de.json
      md5: 5520698898713719f7d490dddcc2c4e8
      size: 1055594
    - path: results/wmt18/scores.en-et.json
      md5: d7c12f5909c3c628491c6caf44a2ab84
      size: 1258647
    - path: results/wmt18/scores.en-fi.json
      md5: e7edf29c550c3413c326908105a47f66
      size: 779781
    - path: results/wmt18/scores.en-ru.json
      md5: a1bed293b1d72de25643e9013639e202
      size: 1565175
    - path: results/wmt18/scores.en-tr.json
      md5: b2104105f34144d3b4e06d23ab92fbfe
      size: 306255
    - path: results/wmt18/scores.en-zh.json
      md5: c91c4d70d6726a76b82133aa1a0cab6b
      size: 1961669
    - path: results/wmt18/scores.et-en.json
      md5: a0e068200b716e89cb50fe5684ab5b77
      size: 1772009
    - path: results/wmt18/scores.fi-en.json
      md5: 4e294f1b69e5baed1ba174e366b6c369
      size: 1258176
    - path: results/wmt18/scores.ru-en.json
      md5: 0808f5a22a10ac728cd8d973d52473ff
      size: 1107027
    - path: results/wmt18/scores.tr-en.json
      md5: 06797699b3345026b0ddd0774db27f7e
      size: 1072864
    - path: results/wmt18/scores.zh-en.json
      md5: 21ef570589daa3b6fe0db1e0eb7a4925
      size: 2069148
    - path: src/models/model_eval.py
      md5: 3f838fd1841b762db591ac0e338016a8
      size: 1997
    outs:
    - path: results/eval.sts.json
      md5: dede354d91fff08d492605a02b26eb90
      size: 101
    - path: results/eval.wmt18.cs-en.json
      md5: 05f23436461a4238346d4af6061f2e8b
      size: 101
    - path: results/eval.wmt18.de-en.json
      md5: 50f6342ab41a447725e663c767b23bf7
      size: 104
    - path: results/eval.wmt18.en-cs.json
      md5: 4ea534e60b9e66f98e8c046f47f95d2d
      size: 101
    - path: results/eval.wmt18.en-de.json
      md5: 17bb20cd7442ae8b3fd88a7af1be33fe
      size: 103
    - path: results/eval.wmt18.en-et.json
      md5: ed40dce0c698bb1549ed0cf969de430c
      size: 104
    - path: results/eval.wmt18.en-fi.json
      md5: 4c61808a4396d43cc35c5ba048a4b9ae
      size: 105
    - path: results/eval.wmt18.en-ru.json
      md5: de5135d37d206477de306f255d27d328
      size: 102
    - path: results/eval.wmt18.en-tr.json
      md5: d1e10eb9c70d6e05565b48c16cb6447d
      size: 103
    - path: results/eval.wmt18.en-zh.json
      md5: 36b3592a6d82f2dc4ca94061d5509566
      size: 104
    - path: results/eval.wmt18.et-en.json
      md5: bdf9ac9566b4761ee15c416a0057f6aa
      size: 102
    - path: results/eval.wmt18.fi-en.json
      md5: 6c7f81996d37d6e103f07469773a2c01
      size: 105
    - path: results/eval.wmt18.ru-en.json
      md5: 1627a906e37f6e3547a660da4bdb6fe6
      size: 104
    - path: results/eval.wmt18.tr-en.json
      md5: c83ea4faede3fc94f68754b60512830d
      size: 104
    - path: results/eval.wmt18.zh-en.json
      md5: 8d9e5c61c3833d83911a6864e1b4a162
      size: 104
